// !$*UTF8*$!
{
	archiveVersion = 1;
	classes = {
	};
	objectVersion = 46;
	objects = {

/* Begin PBXBuildFile section */
		0F0D8025C05ADAAE93D0869E /* Pods_MovieViewer.framework in Frameworks */ = {isa = PBXBuildFile; fileRef = 54728A6A981E3DB571389C41 /* Pods_MovieViewer.framework */; };
		2C6077AC1E41854D0006CCFD /* AppDelegate.swift in Sources */ = {isa = PBXBuildFile; fileRef = 2C6077AB1E41854D0006CCFD /* AppDelegate.swift */; };
		2C6077B11E41854D0006CCFD /* Main.storyboard in Resources */ = {isa = PBXBuildFile; fileRef = 2C6077AF1E41854D0006CCFD /* Main.storyboard */; };
		2C6077B31E41854D0006CCFD /* Assets.xcassets in Resources */ = {isa = PBXBuildFile; fileRef = 2C6077B21E41854D0006CCFD /* Assets.xcassets */; };
		2C6077B61E41854D0006CCFD /* LaunchScreen.storyboard in Resources */ = {isa = PBXBuildFile; fileRef = 2C6077B41E41854D0006CCFD /* LaunchScreen.storyboard */; };
		2C6077BE1E4185A60006CCFD /* MoviesViewController.swift in Sources */ = {isa = PBXBuildFile; fileRef = 2C6077BD1E4185A60006CCFD /* MoviesViewController.swift */; };
		2C6077C11E418C760006CCFD /* MovieCell.swift in Sources */ = {isa = PBXBuildFile; fileRef = 2C6077C01E418C760006CCFD /* MovieCell.swift */; };
/* End PBXBuildFile section */

/* Begin PBXFileReference section */
		2C6077A81E41854D0006CCFD /* MovieViewer.app */ = {isa = PBXFileReference; explicitFileType = wrapper.application; includeInIndex = 0; path = MovieViewer.app; sourceTree = BUILT_PRODUCTS_DIR; };
		2C6077AB1E41854D0006CCFD /* AppDelegate.swift */ = {isa = PBXFileReference; lastKnownFileType = sourcecode.swift; path = AppDelegate.swift; sourceTree = "<group>"; };
		2C6077B01E41854D0006CCFD /* Base */ = {isa = PBXFileReference; lastKnownFileType = file.storyboard; name = Base; path = Base.lproj/Main.storyboard; sourceTree = "<group>"; };
		2C6077B21E41854D0006CCFD /* Assets.xcassets */ = {isa = PBXFileReference; lastKnownFileType = folder.assetcatalog; path = Assets.xcassets; sourceTree = "<group>"; };
		2C6077B51E41854D0006CCFD /* Base */ = {isa = PBXFileReference; lastKnownFileType = file.storyboard; name = Base; path = Base.lproj/LaunchScreen.storyboard; sourceTree = "<group>"; };
		2C6077B71E41854D0006CCFD /* Info.plist */ = {isa = PBXFileReference; lastKnownFileType = text.plist.xml; path = Info.plist; sourceTree = "<group>"; };
		2C6077BD1E4185A60006CCFD /* MoviesViewController.swift */ = {isa = PBXFileReference; fileEncoding = 4; lastKnownFileType = sourcecode.swift; path = MoviesViewController.swift; sourceTree = "<group>"; };
		2C6077C01E418C760006CCFD /* MovieCell.swift */ = {isa = PBXFileReference; fileEncoding = 4; lastKnownFileType = sourcecode.swift; path = MovieCell.swift; sourceTree = "<group>"; };
		54728A6A981E3DB571389C41 /* Pods_MovieViewer.framework */ = {isa = PBXFileReference; explicitFileType = wrapper.framework; includeInIndex = 0; path = Pods_MovieViewer.framework; sourceTree = BUILT_PRODUCTS_DIR; };
		625B4FB00E4331F41DB3DC03 /* Pods-MovieViewer.release.xcconfig */ = {isa = PBXFileReference; includeInIndex = 1; lastKnownFileType = text.xcconfig; name = "Pods-MovieViewer.release.xcconfig"; path = "Pods/Target Support Files/Pods-MovieViewer/Pods-MovieViewer.release.xcconfig"; sourceTree = "<group>"; };
		A0DEDDD0DD9E97B43F31865E /* Pods-MovieViewer.debug.xcconfig */ = {isa = PBXFileReference; includeInIndex = 1; lastKnownFileType = text.xcconfig; name = "Pods-MovieViewer.debug.xcconfig"; path = "Pods/Target Support Files/Pods-MovieViewer/Pods-MovieViewer.debug.xcconfig"; sourceTree = "<group>"; };
/* End PBXFileReference section */

/* Begin PBXFrameworksBuildPhase section */
		2C6077A51E41854D0006CCFD /* Frameworks */ = {
			isa = PBXFrameworksBuildPhase;
			buildActionMask = 2147483647;
			files = (
				0F0D8025C05ADAAE93D0869E /* Pods_MovieViewer.framework in Frameworks */,
			);
			runOnlyForDeploymentPostprocessing = 0;
		};
/* End PBXFrameworksBuildPhase section */

/* Begin PBXGroup section */
		2C60779F1E41854D0006CCFD = {
			isa = PBXGroup;
			children = (
				2C6077AA1E41854D0006CCFD /* MovieViewer */,
				2C6077A91E41854D0006CCFD /* Products */,
				50BBFE49653EF63F979677AB /* Pods */,
				E34069264D435DAE8358B8F4 /* Frameworks */,
			);
			sourceTree = "<group>";
		};
		2C6077A91E41854D0006CCFD /* Products */ = {
			isa = PBXGroup;
			children = (
				2C6077A81E41854D0006CCFD /* MovieViewer.app */,
			);
			name = Products;
			sourceTree = "<group>";
		};
		2C6077AA1E41854D0006CCFD /* MovieViewer */ = {
			isa = PBXGroup;
			children = (
				2C6077C21E418C810006CCFD /* View Controllers */,
				2C6077BF1E418C530006CCFD /* Views */,
				2C6077AB1E41854D0006CCFD /* AppDelegate.swift */,
				2C6077AF1E41854D0006CCFD /* Main.storyboard */,
				2C6077B21E41854D0006CCFD /* Assets.xcassets */,
				2C6077B41E41854D0006CCFD /* LaunchScreen.storyboard */,
				2C6077B71E41854D0006CCFD /* Info.plist */,
			);
			path = MovieViewer;
			sourceTree = "<group>";
		};
		2C6077BF1E418C530006CCFD /* Views */ = {
			isa = PBXGroup;
			children = (
				2C6077C01E418C760006CCFD /* MovieCell.swift */,
			);
			name = Views;
			sourceTree = "<group>";
		};
		2C6077C21E418C810006CCFD /* View Controllers */ = {
			isa = PBXGroup;
			children = (
				2C6077BD1E4185A60006CCFD /* MoviesViewController.swift */,
			);
			name = "View Controllers";
			sourceTree = "<group>";
		};
		50BBFE49653EF63F979677AB /* Pods */ = {
			isa = PBXGroup;
			children = (
				A0DEDDD0DD9E97B43F31865E /* Pods-MovieViewer.debug.xcconfig */,
				625B4FB00E4331F41DB3DC03 /* Pods-MovieViewer.release.xcconfig */,
			);
			name = Pods;
			sourceTree = "<group>";
		};
		E34069264D435DAE8358B8F4 /* Frameworks */ = {
			isa = PBXGroup;
			children = (
				54728A6A981E3DB571389C41 /* Pods_MovieViewer.framework */,
			);
			name = Frameworks;
			sourceTree = "<group>";
		};
/* End PBXGroup section */

/* Begin PBXNativeTarget section */
		2C6077A71E41854D0006CCFD /* MovieViewer */ = {
			isa = PBXNativeTarget;
			buildConfigurationList = 2C6077BA1E41854D0006CCFD /* Build configuration list for PBXNativeTarget "MovieViewer" */;
			buildPhases = (
				8749DCDECD6E06361AF28033 /* [CP] Check Pods Manifest.lock */,
				2C6077A41E41854D0006CCFD /* Sources */,
				2C6077A51E41854D0006CCFD /* Frameworks */,
				2C6077A61E41854D0006CCFD /* Resources */,
				785887E19CA5F97A4413C27F /* [CP] Embed Pods Frameworks */,
				8A2B5F33895676F10D946BE9 /* [CP] Copy Pods Resources */,
			);
			buildRules = (
			);
			dependencies = (
			);
			name = MovieViewer;
			productName = MovieViewer;
			productReference = 2C6077A81E41854D0006CCFD /* MovieViewer.app */;
			productType = "com.apple.product-type.application";
		};
/* End PBXNativeTarget section */

/* Begin PBXProject section */
		2C6077A01E41854D0006CCFD /* Project object */ = {
			isa = PBXProject;
			attributes = {
				LastSwiftUpdateCheck = 0820;
				LastUpgradeCheck = 0820;
				ORGANIZATIONNAME = "Sandeep Raghunandhan";
				TargetAttributes = {
					2C6077A71E41854D0006CCFD = {
						CreatedOnToolsVersion = 8.2.1;
						DevelopmentTeam = 2SP49XQ42W;
						ProvisioningStyle = Automatic;
					};
				};
			};
			buildConfigurationList = 2C6077A31E41854D0006CCFD /* Build configuration list for PBXProject "MovieViewer" */;
			compatibilityVersion = "Xcode 3.2";
			developmentRegion = English;
			hasScannedForEncodings = 0;
			knownRegions = (
				en,
				Base,
			);
			mainGroup = 2C60779F1E41854D0006CCFD;
			productRefGroup = 2C6077A91E41854D0006CCFD /* Products */;
			projectDirPath = "";
			projectRoot = "";
			targets = (
				2C6077A71E41854D0006CCFD /* MovieViewer */,
			);
		};
/* End PBXProject section */

/* Begin PBXResourcesBuildPhase section */
		2C6077A61E41854D0006CCFD /* Resources */ = {
			isa = PBXResourcesBuildPhase;
			buildActionMask = 2147483647;
			files = (
				2C6077B61E41854D0006CCFD /* LaunchScreen.storyboard in Resources */,
				2C6077B31E41854D0006CCFD /* Assets.xcassets in Resources */,
				2C6077B11E41854D0006CCFD /* Main.storyboard in Resources */,
			);
			runOnlyForDeploymentPostprocessing = 0;
		};
/* End PBXResourcesBuildPhase section */

/* Begin PBXShellScriptBuildPhase section */
		785887E19CA5F97A4413C27F /* [CP] Embed Pods Frameworks */ = {
			isa = PBXShellScriptBuildPhase;
			buildActionMask = 2147483647;
			files = (
			);
			inputPaths = (
			);
			name = "[CP] Embed Pods Frameworks";
			outputPaths = (
			);
			runOnlyForDeploymentPostprocessing = 0;
			shellPath = /bin/sh;
			shellScript = "\"${SRCROOT}/Pods/Target Support Files/Pods-MovieViewer/Pods-MovieViewer-frameworks.sh\"\n";
			showEnvVarsInLog = 0;
		};
		8749DCDECD6E06361AF28033 /* [CP] Check Pods Manifest.lock */ = {
			isa = PBXShellScriptBuildPhase;
			buildActionMask = 2147483647;
			files = (
			);
			inputPaths = (
			);
			name = "[CP] Check Pods Manifest.lock";
			outputPaths = (
			);
			runOnlyForDeploymentPostprocessing = 0;
			shellPath = /bin/sh;
			shellScript = "diff \"${PODS_ROOT}/../Podfile.lock\" \"${PODS_ROOT}/Manifest.lock\" > /dev/null\nif [ $? != 0 ] ; then\n    # print error to STDERR\n    echo \"error: The sandbox is not in sync with the Podfile.lock. Run 'pod install' or update your CocoaPods installation.\" >&2\n    exit 1\nfi\n";
			showEnvVarsInLog = 0;
		};
		8A2B5F33895676F10D946BE9 /* [CP] Copy Pods Resources */ = {
			isa = PBXShellScriptBuildPhase;
			buildActionMask = 2147483647;
			files = (
			);
			inputPaths = (
			);
			name = "[CP] Copy Pods Resources";
			outputPaths = (
			);
			runOnlyForDeploymentPostprocessing = 0;
			shellPath = /bin/sh;
			shellScript = "\"${SRCROOT}/Pods/Target Support Files/Pods-MovieViewer/Pods-MovieViewer-resources.sh\"\n";
			showEnvVarsInLog = 0;
		};
/* End PBXShellScriptBuildPhase section */

/* Begin PBXSourcesBuildPhase section */
		2C6077A41E41854D0006CCFD /* Sources */ = {
			isa = PBXSourcesBuildPhase;
			buildActionMask = 2147483647;
			files = (
				2C6077AC1E41854D0006CCFD /* AppDelegate.swift in Sources */,
				2C6077BE1E4185A60006CCFD /* MoviesViewController.swift in Sources */,
				2C6077C11E418C760006CCFD /* MovieCell.swift in Sources */,
			);
			runOnlyForDeploymentPostprocessing = 0;
		};
/* End PBXSourcesBuildPhase section */

/* Begin PBXVariantGroup section */
		2C6077AF1E41854D0006CCFD /* Main.storyboard */ = {
			isa = PBXVariantGroup;
			children = (
				2C6077B01E41854D0006CCFD /* Base */,
			);
			name = Main.storyboard;
			sourceTree = "<group>";
		};
		2C6077B41E41854D0006CCFD /* LaunchScreen.storyboard */ = {
			isa = PBXVariantGroup;
			children = (
				2C6077B51E41854D0006CCFD /* Base */,
			);
			name = LaunchScreen.storyboard;
			sourceTree = "<group>";
		};
/* End PBXVariantGroup section */

/* Begin XCBuildConfiguration section */
		2C6077B81E41854D0006CCFD /* Debug */ = {
			isa = XCBuildConfiguration;
			buildSettings = {
				ALWAYS_SEARCH_USER_PATHS = NO;
				CLANG_ANALYZER_NONNULL = YES;
				CLANG_CXX_LANGUAGE_STANDARD = "gnu++0x";
				CLANG_CXX_LIBRARY = "libc++";
				CLANG_ENABLE_MODULES = YES;
				CLANG_ENABLE_OBJC_ARC = YES;
				CLANG_WARN_BOOL_CONVERSION = YES;
				CLANG_WARN_CONSTANT_CONVERSION = YES;
				CLANG_WARN_DIRECT_OBJC_ISA_USAGE = YES_ERROR;
				CLANG_WARN_DOCUMENTATION_COMMENTS = YES;
				CLANG_WARN_EMPTY_BODY = YES;
				CLANG_WARN_ENUM_CONVERSION = YES;
				CLANG_WARN_INFINITE_RECURSION = YES;
				CLANG_WARN_INT_CONVERSION = YES;
				CLANG_WARN_OBJC_ROOT_CLASS = YES_ERROR;
				CLANG_WARN_SUSPICIOUS_MOVE = YES;
				CLANG_WARN_UNREACHABLE_CODE = YES;
				CLANG_WARN__DUPLICATE_METHOD_MATCH = YES;
				"CODE_SIGN_IDENTITY[sdk=iphoneos*]" = "iPhone Developer";
				COPY_PHASE_STRIP = NO;
				DEBUG_INFORMATION_FORMAT = dwarf;
				ENABLE_STRICT_OBJC_MSGSEND = YES;
				ENABLE_TESTABILITY = YES;
				GCC_C_LANGUAGE_STANDARD = gnu99;
				GCC_DYNAMIC_NO_PIC = NO;
				GCC_NO_COMMON_BLOCKS = YES;
				GCC_OPTIMIZATION_LEVEL = 0;
				GCC_PREPROCESSOR_DEFINITIONS = (
					"DEBUG=1",
					"$(inherited)",
				);
				GCC_WARN_64_TO_32_BIT_CONVERSION = YES;
				GCC_WARN_ABOUT_RETURN_TYPE = YES_ERROR;
				GCC_WARN_UNDECLARED_SELECTOR = YES;
				GCC_WARN_UNINITIALIZED_AUTOS = YES_AGGRESSIVE;
				GCC_WARN_UNUSED_FUNCTION = YES;
				GCC_WARN_UNUSED_VARIABLE = YES;
				IPHONEOS_DEPLOYMENT_TARGET = 10.2;
				MTL_ENABLE_DEBUG_INFO = YES;
				ONLY_ACTIVE_ARCH = YES;
				SDKROOT = iphoneos;
				SWIFT_ACTIVE_COMPILATION_CONDITIONS = DEBUG;
				SWIFT_OPTIMIZATION_LEVEL = "-Onone";
			};
			name = Debug;
		};
		2C6077B91E41854D0006CCFD /* Release */ = {
			isa = XCBuildConfiguration;
			buildSettings = {
				ALWAYS_SEARCH_USER_PATHS = NO;
				CLANG_ANALYZER_NONNULL = YES;
				CLANG_CXX_LANGUAGE_STANDARD = "gnu++0x";
				CLANG_CXX_LIBRARY = "libc++";
				CLANG_ENABLE_MODULES = YES;
				CLANG_ENABLE_OBJC_ARC = YES;
				CLANG_WARN_BOOL_CONVERSION = YES;
				CLANG_WARN_CONSTANT_CONVERSION = YES;
				CLANG_WARN_DIRECT_OBJC_ISA_USAGE = YES_ERROR;
				CLANG_WARN_DOCUMENTATION_COMMENTS = YES;
				CLANG_WARN_EMPTY_BODY = YES;
				CLANG_WARN_ENUM_CONVERSION = YES;
				CLANG_WARN_INFINITE_RECURSION = YES;
				CLANG_WARN_INT_CONVERSION = YES;
				CLANG_WARN_OBJC_ROOT_CLASS = YES_ERROR;
				CLANG_WARN_SUSPICIOUS_MOVE = YES;
				CLANG_WARN_UNREACHABLE_CODE = YES;
				CLANG_WARN__DUPLICATE_METHOD_MATCH = YES;
				"CODE_SIGN_IDENTITY[sdk=iphoneos*]" = "iPhone Developer";
				COPY_PHASE_STRIP = NO;
				DEBUG_INFORMATION_FORMAT = "dwarf-with-dsym";
				ENABLE_NS_ASSERTIONS = NO;
				ENABLE_STRICT_OBJC_MSGSEND = YES;
				GCC_C_LANGUAGE_STANDARD = gnu99;
				GCC_NO_COMMON_BLOCKS = YES;
				GCC_WARN_64_TO_32_BIT_CONVERSION = YES;
				GCC_WARN_ABOUT_RETURN_TYPE = YES_ERROR;
				GCC_WARN_UNDECLARED_SELECTOR = YES;
				GCC_WARN_UNINITIALIZED_AUTOS = YES_AGGRESSIVE;
				GCC_WARN_UNUSED_FUNCTION = YES;
				GCC_WARN_UNUSED_VARIABLE = YES;
				IPHONEOS_DEPLOYMENT_TARGET = 10.2;
				MTL_ENABLE_DEBUG_INFO = NO;
				SDKROOT = iphoneos;
				SWIFT_OPTIMIZATION_LEVEL = "-Owholemodule";
				VALIDATE_PRODUCT = YES;
			};
			name = Release;
		};
		2C6077BB1E41854D0006CCFD /* Debug */ = {
			isa = XCBuildConfiguration;
			baseConfigurationReference = A0DEDDD0DD9E97B43F31865E /* Pods-MovieViewer.debug.xcconfig */;
			buildSettings = {
				ASSETCATALOG_COMPILER_APPICON_NAME = AppIcon;
				DEVELOPMENT_TEAM = 2SP49XQ42W;
				INFOPLIST_FILE = MovieViewer/Info.plist;
				LD_RUNPATH_SEARCH_PATHS = "$(inherited) @executable_path/Frameworks";
				PRODUCT_BUNDLE_IDENTIFIER = com.sandeepraghu.MovieViewer;
				PRODUCT_NAME = "$(TARGET_NAME)";
				SWIFT_VERSION = 3.0;
			};
			name = Debug;
		};
		2C6077BC1E41854D0006CCFD /* Release */ = {
			isa = XCBuildConfiguration;
			baseConfigurationReference = 625B4FB00E4331F41DB3DC03 /* Pods-MovieViewer.release.xcconfig */;
			buildSettings = {
				ASSETCATALOG_COMPILER_APPICON_NAME = AppIcon;
				DEVELOPMENT_TEAM = 2SP49XQ42W;
				INFOPLIST_FILE = MovieViewer/Info.plist;
				LD_RUNPATH_SEARCH_PATHS = "$(inherited) @executable_path/Frameworks";
				PRODUCT_BUNDLE_IDENTIFIER = com.sandeepraghu.MovieViewer;
				PRODUCT_NAME = "$(TARGET_NAME)";
				SWIFT_VERSION = 3.0;
			};
			name = Release;
		};
/* End XCBuildConfiguration section */

/* Begin XCConfigurationList section */
		2C6077A31E41854D0006CCFD /* Build configuration list for PBXProject "MovieViewer" */ = {
			isa = XCConfigurationList;
			buildConfigurations = (
				2C6077B81E41854D0006CCFD /* Debug */,
				2C6077B91E41854D0006CCFD /* Release */,
			);
			defaultConfigurationIsVisible = 0;
			defaultConfigurationName = Release;
		};
		2C6077BA1E41854D0006CCFD /* Build configuration list for PBXNativeTarget "MovieViewer" */ = {
			isa = XCConfigurationList;
			buildConfigurations = (
				2C6077BB1E41854D0006CCFD /* Debug */,
				2C6077BC1E41854D0006CCFD /* Release */,
			);
			defaultConfigurationIsVisible = 0;
		};
/* End XCConfigurationList section */
	};
	rootObject = 2C6077A01E41854D0006CCFD /* Project object */;
}
